version = 1
revision = 3
requires-python = ">=3.13"

[[package]]
name = "faker"
version = "37.8.0"
source = { registry = "https://pypi.org/simple" }
dependencies = [
    { name = "tzdata" },
]
sdist = { url = "https://files.pythonhosted.org/packages/3a/da/1336008d39e5d4076dddb4e0f3a52ada41429274bf558a3cc28030d324a3/faker-37.8.0.tar.gz", hash = "sha256:090bb5abbec2b30949a95ce1ba6b20d1d0ed222883d63483a0d4be4a970d6fb8", size = 1912113, upload-time = "2025-09-15T20:24:13.592Z" }
wheels = [
    { url = "https://files.pythonhosted.org/packages/f5/11/02ebebb09ff2104b690457cb7bc6ed700c9e0ce88cf581486bb0a5d3c88b/faker-37.8.0-py3-none-any.whl", hash = "sha256:b08233118824423b5fc239f7dd51f145e7018082b4164f8da6a9994e1f1ae793", size = 1953940, upload-time = "2025-09-15T20:24:11.482Z" },
]

[[package]]
name = "final-project"
version = "0.1.0"
source = { virtual = "." }
dependencies = [
    { name = "faker" },
    { name = "kafka-python" },
]

[package.metadata]
requires-dist = [
    { name = "faker", specifier = ">=37.8.0" },
    { name = "kafka-python", specifier = ">=2.2.15" },
]

[[package]]
name = "kafka-python"
version = "2.2.15"
source = { registry = "https://pypi.org/simple" }
sdist = { url = "https://files.pythonhosted.org/packages/da/67/1434436f3cb409443f72a4843b877ac2d9bf586a31a0e966cf1dc4dc9a94/kafka_python-2.2.15.tar.gz", hash = "sha256:e0f480a45f3814cb0eb705b8b4f61069e1be61dae0d8c69d0f1f2da33eea1bd5", size = 347870, upload-time = "2025-07-01T17:37:53.686Z" }
wheels = [
    { url = "https://files.pythonhosted.org/packages/e6/35/e8bfed5425e8fe685bd03ec3f5135ee8b88c11558baa59c0d12fbd2a20ae/kafka_python-2.2.15-py2.py3-none-any.whl", hash = "sha256:84c0993cd4f7f2f01e92d8104ea9bdf631aff72fc5e6ea62eb3bdf1d56528fc3", size = 309751, upload-time = "2025-07-01T17:37:51.87Z" },
]

[[package]]
name = "tzdata"
version = "2025.2"
source = { registry = "https://pypi.org/simple" }
sdist = { url = "https://files.pythonhosted.org/packages/95/32/1a225d6164441be760d75c2c42e2780dc0873fe382da3e98a2e1e48361e5/tzdata-2025.2.tar.gz", hash = "sha256:b60a638fcc0daffadf82fe0f57e53d06bdec2f36c4df66280ae79bce6bd6f2b9", size = 196380, upload-time = "2025-03-23T13:54:43.652Z" }
wheels = [
    { url = "https://files.pythonhosted.org/packages/5c/23/c7abc0ca0a1526a0774eca151daeb8de62ec457e77262b66b359c3c7679e/tzdata-2025.2-py2.py3-none-any.whl", hash = "sha256:1a403fada01ff9221ca8044d701868fa132215d84beb92242d9acd2147f667a8", size = 347839, upload-time = "2025-03-23T13:54:41.845Z" },
]
